
Microsoft Visual Studio Solution File, Format Version 12.00
# Visual Studio 15
VisualStudioVersion = 15.0.26124.0
MinimumVisualStudioVersion = 15.0.26124.0
Project("{2150E333-8FDC-42A3-9474-1A3956D46DE8}") = "Api", "Api", "{01C50D4B-3A58-4867-AE3B-C093C09BE47E}"
EndProject
Project("{FAE04EC0-301F-11D3-BF4B-00C04F79EFBC}") = "WebApi", "WebApi\WebApi.csproj", "{638A8EEE-90A1-4F8A-9BB7-646803611CDE}"
EndProject
Project("{2150E333-8FDC-42A3-9474-1A3956D46DE8}") = "Core", "Core", "{8686E0EF-70DB-4D59-8A28-2C6ECBE1ACF8}"
EndProject
Project("{FAE04EC0-301F-11D3-BF4B-00C04F79EFBC}") = "Domain", "Domain\Domain.csproj", "{F11321DB-B584-405C-AFD8-A899E4670DF1}"
EndProject
Project("{FAE04EC0-301F-11D3-BF4B-00C04F79EFBC}") = "Application", "Application\Application.csproj", "{66A3A086-E9FD-49FC-B93B-C34CD0ED13EB}"
EndProject
Project("{2150E333-8FDC-42A3-9474-1A3956D46DE8}") = "Infrastructure", "Infrastructure", "{0E3404BF-7929-4095-941E-2E11188B6226}"
EndProject
Project("{FAE04EC0-301F-11D3-BF4B-00C04F79EFBC}") = "Infrastructure.Persistence", "Infrastructure.Persistence\Infrastructure.Persistence.csproj", "{F54808A3-BF8A-4AA6-9C6F-30634C724D0D}"
EndProject
Project("{FAE04EC0-301F-11D3-BF4B-00C04F79EFBC}") = "Infrastructure.Shared", "Infrastructure.Shared\Infrastructure.Shared.csproj", "{19E252D1-2646-4934-9B51-46E868A01906}"
EndProject
Project("{2150E333-8FDC-42A3-9474-1A3956D46DE8}") = "Tests", "Tests", "{1BD9A843-BCB7-4EF4-84F5-95B4AE5A0131}"
EndProject
Project("{FAE04EC0-301F-11D3-BF4B-00C04F79EFBC}") = "VetClinic.Api.Tests", "VetClinic.Api.Tests\VetClinic.Api.Tests.csproj", "{0B342869-78F1-4A8C-AB9B-61A2AF598E67}"
EndProject
Global
	GlobalSection(SolutionConfigurationPlatforms) = preSolution
		Debug|Any CPU = Debug|Any CPU
		Debug|x64 = Debug|x64
		Debug|x86 = Debug|x86
		Release|Any CPU = Release|Any CPU
		Release|x64 = Release|x64
		Release|x86 = Release|x86
	EndGlobalSection
	GlobalSection(SolutionProperties) = preSolution
		HideSolutionNode = FALSE
	EndGlobalSection
	GlobalSection(ProjectConfigurationPlatforms) = postSolution
		{638A8EEE-90A1-4F8A-9BB7-646803611CDE}.Debug|Any CPU.ActiveCfg = Debug|Any CPU
		{638A8EEE-90A1-4F8A-9BB7-646803611CDE}.Debug|Any CPU.Build.0 = Debug|Any CPU
		{638A8EEE-90A1-4F8A-9BB7-646803611CDE}.Debug|x64.ActiveCfg = Debug|Any CPU
		{638A8EEE-90A1-4F8A-9BB7-646803611CDE}.Debug|x64.Build.0 = Debug|Any CPU
		{638A8EEE-90A1-4F8A-9BB7-646803611CDE}.Debug|x86.ActiveCfg = Debug|Any CPU
		{638A8EEE-90A1-4F8A-9BB7-646803611CDE}.Debug|x86.Build.0 = Debug|Any CPU
		{638A8EEE-90A1-4F8A-9BB7-646803611CDE}.Release|Any CPU.ActiveCfg = Release|Any CPU
		{638A8EEE-90A1-4F8A-9BB7-646803611CDE}.Release|Any CPU.Build.0 = Release|Any CPU
		{638A8EEE-90A1-4F8A-9BB7-646803611CDE}.Release|x64.ActiveCfg = Release|Any CPU
		{638A8EEE-90A1-4F8A-9BB7-646803611CDE}.Release|x64.Build.0 = Release|Any CPU
		{638A8EEE-90A1-4F8A-9BB7-646803611CDE}.Release|x86.ActiveCfg = Release|Any CPU
		{638A8EEE-90A1-4F8A-9BB7-646803611CDE}.Release|x86.Build.0 = Release|Any CPU
		{F11321DB-B584-405C-AFD8-A899E4670DF1}.Debug|Any CPU.ActiveCfg = Debug|Any CPU
		{F11321DB-B584-405C-AFD8-A899E4670DF1}.Debug|Any CPU.Build.0 = Debug|Any CPU
		{F11321DB-B584-405C-AFD8-A899E4670DF1}.Debug|x64.ActiveCfg = Debug|Any CPU
		{F11321DB-B584-405C-AFD8-A899E4670DF1}.Debug|x64.Build.0 = Debug|Any CPU
		{F11321DB-B584-405C-AFD8-A899E4670DF1}.Debug|x86.ActiveCfg = Debug|Any CPU
		{F11321DB-B584-405C-AFD8-A899E4670DF1}.Debug|x86.Build.0 = Debug|Any CPU
		{F11321DB-B584-405C-AFD8-A899E4670DF1}.Release|Any CPU.ActiveCfg = Release|Any CPU
		{F11321DB-B584-405C-AFD8-A899E4670DF1}.Release|Any CPU.Build.0 = Release|Any CPU
		{F11321DB-B584-405C-AFD8-A899E4670DF1}.Release|x64.ActiveCfg = Release|Any CPU
		{F11321DB-B584-405C-AFD8-A899E4670DF1}.Release|x64.Build.0 = Release|Any CPU
		{F11321DB-B584-405C-AFD8-A899E4670DF1}.Release|x86.ActiveCfg = Release|Any CPU
		{F11321DB-B584-405C-AFD8-A899E4670DF1}.Release|x86.Build.0 = Release|Any CPU
		{66A3A086-E9FD-49FC-B93B-C34CD0ED13EB}.Debug|Any CPU.ActiveCfg = Debug|Any CPU
		{66A3A086-E9FD-49FC-B93B-C34CD0ED13EB}.Debug|Any CPU.Build.0 = Debug|Any CPU
		{66A3A086-E9FD-49FC-B93B-C34CD0ED13EB}.Debug|x64.ActiveCfg = Debug|Any CPU
		{66A3A086-E9FD-49FC-B93B-C34CD0ED13EB}.Debug|x64.Build.0 = Debug|Any CPU
		{66A3A086-E9FD-49FC-B93B-C34CD0ED13EB}.Debug|x86.ActiveCfg = Debug|Any CPU
		{66A3A086-E9FD-49FC-B93B-C34CD0ED13EB}.Debug|x86.Build.0 = Debug|Any CPU
		{66A3A086-E9FD-49FC-B93B-C34CD0ED13EB}.Release|Any CPU.ActiveCfg = Release|Any CPU
		{66A3A086-E9FD-49FC-B93B-C34CD0ED13EB}.Release|Any CPU.Build.0 = Release|Any CPU
		{66A3A086-E9FD-49FC-B93B-C34CD0ED13EB}.Release|x64.ActiveCfg = Release|Any CPU
		{66A3A086-E9FD-49FC-B93B-C34CD0ED13EB}.Release|x64.Build.0 = Release|Any CPU
		{66A3A086-E9FD-49FC-B93B-C34CD0ED13EB}.Release|x86.ActiveCfg = Release|Any CPU
		{66A3A086-E9FD-49FC-B93B-C34CD0ED13EB}.Release|x86.Build.0 = Release|Any CPU
		{F54808A3-BF8A-4AA6-9C6F-30634C724D0D}.Debug|Any CPU.ActiveCfg = Debug|Any CPU
		{F54808A3-BF8A-4AA6-9C6F-30634C724D0D}.Debug|Any CPU.Build.0 = Debug|Any CPU
		{F54808A3-BF8A-4AA6-9C6F-30634C724D0D}.Debug|x64.ActiveCfg = Debug|Any CPU
		{F54808A3-BF8A-4AA6-9C6F-30634C724D0D}.Debug|x64.Build.0 = Debug|Any CPU
		{F54808A3-BF8A-4AA6-9C6F-30634C724D0D}.Debug|x86.ActiveCfg = Debug|Any CPU
		{F54808A3-BF8A-4AA6-9C6F-30634C724D0D}.Debug|x86.Build.0 = Debug|Any CPU
		{F54808A3-BF8A-4AA6-9C6F-30634C724D0D}.Release|Any CPU.ActiveCfg = Release|Any CPU
		{F54808A3-BF8A-4AA6-9C6F-30634C724D0D}.Release|Any CPU.Build.0 = Release|Any CPU
		{F54808A3-BF8A-4AA6-9C6F-30634C724D0D}.Release|x64.ActiveCfg = Release|Any CPU
		{F54808A3-BF8A-4AA6-9C6F-30634C724D0D}.Release|x64.Build.0 = Release|Any CPU
		{F54808A3-BF8A-4AA6-9C6F-30634C724D0D}.Release|x86.ActiveCfg = Release|Any CPU
		{F54808A3-BF8A-4AA6-9C6F-30634C724D0D}.Release|x86.Build.0 = Release|Any CPU
		{19E252D1-2646-4934-9B51-46E868A01906}.Debug|Any CPU.ActiveCfg = Debug|Any CPU
		{19E252D1-2646-4934-9B51-46E868A01906}.Debug|Any CPU.Build.0 = Debug|Any CPU
		{19E252D1-2646-4934-9B51-46E868A01906}.Debug|x64.ActiveCfg = Debug|Any CPU
		{19E252D1-2646-4934-9B51-46E868A01906}.Debug|x64.Build.0 = Debug|Any CPU
		{19E252D1-2646-4934-9B51-46E868A01906}.Debug|x86.ActiveCfg = Debug|Any CPU
		{19E252D1-2646-4934-9B51-46E868A01906}.Debug|x86.Build.0 = Debug|Any CPU
		{19E252D1-2646-4934-9B51-46E868A01906}.Release|Any CPU.ActiveCfg = Release|Any CPU
		{19E252D1-2646-4934-9B51-46E868A01906}.Release|Any CPU.Build.0 = Release|Any CPU
		{19E252D1-2646-4934-9B51-46E868A01906}.Release|x64.ActiveCfg = Release|Any CPU
		{19E252D1-2646-4934-9B51-46E868A01906}.Release|x64.Build.0 = Release|Any CPU
		{19E252D1-2646-4934-9B51-46E868A01906}.Release|x86.ActiveCfg = Release|Any CPU
		{19E252D1-2646-4934-9B51-46E868A01906}.Release|x86.Build.0 = Release|Any CPU
		{0B342869-78F1-4A8C-AB9B-61A2AF598E67}.Debug|Any CPU.ActiveCfg = Debug|Any CPU
		{0B342869-78F1-4A8C-AB9B-61A2AF598E67}.Debug|Any CPU.Build.0 = Debug|Any CPU
		{0B342869-78F1-4A8C-AB9B-61A2AF598E67}.Debug|x64.ActiveCfg = Debug|Any CPU
		{0B342869-78F1-4A8C-AB9B-61A2AF598E67}.Debug|x64.Build.0 = Debug|Any CPU
		{0B342869-78F1-4A8C-AB9B-61A2AF598E67}.Debug|x86.ActiveCfg = Debug|Any CPU
		{0B342869-78F1-4A8C-AB9B-61A2AF598E67}.Debug|x86.Build.0 = Debug|Any CPU
		{0B342869-78F1-4A8C-AB9B-61A2AF598E67}.Release|Any CPU.ActiveCfg = Release|Any CPU
		{0B342869-78F1-4A8C-AB9B-61A2AF598E67}.Release|Any CPU.Build.0 = Release|Any CPU
		{0B342869-78F1-4A8C-AB9B-61A2AF598E67}.Release|x64.ActiveCfg = Release|Any CPU
		{0B342869-78F1-4A8C-AB9B-61A2AF598E67}.Release|x64.Build.0 = Release|Any CPU
		{0B342869-78F1-4A8C-AB9B-61A2AF598E67}.Release|x86.ActiveCfg = Release|Any CPU
		{0B342869-78F1-4A8C-AB9B-61A2AF598E67}.Release|x86.Build.0 = Release|Any CPU
	EndGlobalSection
	GlobalSection(NestedProjects) = preSolution
		{638A8EEE-90A1-4F8A-9BB7-646803611CDE} = {01C50D4B-3A58-4867-AE3B-C093C09BE47E}
		{F11321DB-B584-405C-AFD8-A899E4670DF1} = {8686E0EF-70DB-4D59-8A28-2C6ECBE1ACF8}
		{66A3A086-E9FD-49FC-B93B-C34CD0ED13EB} = {8686E0EF-70DB-4D59-8A28-2C6ECBE1ACF8}
		{F54808A3-BF8A-4AA6-9C6F-30634C724D0D} = {0E3404BF-7929-4095-941E-2E11188B6226}
		{19E252D1-2646-4934-9B51-46E868A01906} = {0E3404BF-7929-4095-941E-2E11188B6226}
		{0B342869-78F1-4A8C-AB9B-61A2AF598E67} = {1BD9A843-BCB7-4EF4-84F5-95B4AE5A0131}
	EndGlobalSection
EndGlobal
